# This file is automatically @generated by Cargo.
# It is not intended for manual editing.
[[package]]
name = "app"
version = "0.1.0"

[[package]]
name = "bankaccount_app"
version = "0.1.0"

[[package]]
name = "bankaccount_core"
version = "0.1.0"

[[package]]
name = "bankaccount_infra"
version = "0.1.0"

[[package]]
name = "eventsourcing"
version = "0.1.0"

